
Microsoft Visual Studio Solution File, Format Version 12.00
# Visual Studio 15
VisualStudioVersion = 15.0.28307.489
MinimumVisualStudioVersion = 10.0.40219.1
Project("{FAE04EC0-301F-11D3-BF4B-00C04F79EFBC}") = "App2.Android", "App2\App2.Android\App2.Android.csproj", "{7A69DEAB-4A96-4391-94AD-5E067E58F437}"
EndProject
Project("{FAE04EC0-301F-11D3-BF4B-00C04F79EFBC}") = "App2.iOS", "App2\App2.iOS\App2.iOS.csproj", "{50FD017A-2212-4563-96D9-5F922ECF72AA}"
EndProject
Project("{FAE04EC0-301F-11D3-BF4B-00C04F79EFBC}") = "App2", "App2\App2\App2.csproj", "{8BEB85FC-1009-45EC-B2C0-0545D62AF121}"
EndProject
Global
	GlobalSection(SolutionConfigurationPlatforms) = preSolution
		Ad-Hoc|Any CPU = Ad-Hoc|Any CPU
		Ad-Hoc|iPhone = Ad-Hoc|iPhone
		Ad-Hoc|iPhoneSimulator = Ad-Hoc|iPhoneSimulator
		AppStore|Any CPU = AppStore|Any CPU
		AppStore|iPhone = AppStore|iPhone
		AppStore|iPhoneSimulator = AppStore|iPhoneSimulator
		Debug|Any CPU = Debug|Any CPU
		Debug|iPhone = Debug|iPhone
		Debug|iPhoneSimulator = Debug|iPhoneSimulator
		Release|Any CPU = Release|Any CPU
		Release|iPhone = Release|iPhone
		Release|iPhoneSimulator = Release|iPhoneSimulator
	EndGlobalSection
	GlobalSection(ProjectConfigurationPlatforms) = postSolution
		{7A69DEAB-4A96-4391-94AD-5E067E58F437}.Ad-Hoc|Any CPU.ActiveCfg = Release|Any CPU
		{7A69DEAB-4A96-4391-94AD-5E067E58F437}.Ad-Hoc|Any CPU.Build.0 = Release|Any CPU
		{7A69DEAB-4A96-4391-94AD-5E067E58F437}.Ad-Hoc|Any CPU.Deploy.0 = Release|Any CPU
		{7A69DEAB-4A96-4391-94AD-5E067E58F437}.Ad-Hoc|iPhone.ActiveCfg = Release|Any CPU
		{7A69DEAB-4A96-4391-94AD-5E067E58F437}.Ad-Hoc|iPhone.Build.0 = Release|Any CPU
		{7A69DEAB-4A96-4391-94AD-5E067E58F437}.Ad-Hoc|iPhone.Deploy.0 = Release|Any CPU
		{7A69DEAB-4A96-4391-94AD-5E067E58F437}.Ad-Hoc|iPhoneSimulator.ActiveCfg = Release|Any CPU
		{7A69DEAB-4A96-4391-94AD-5E067E58F437}.Ad-Hoc|iPhoneSimulator.Build.0 = Release|Any CPU
		{7A69DEAB-4A96-4391-94AD-5E067E58F437}.Ad-Hoc|iPhoneSimulator.Deploy.0 = Release|Any CPU
		{7A69DEAB-4A96-4391-94AD-5E067E58F437}.AppStore|Any CPU.ActiveCfg = Release|Any CPU
		{7A69DEAB-4A96-4391-94AD-5E067E58F437}.AppStore|Any CPU.Build.0 = Release|Any CPU
		{7A69DEAB-4A96-4391-94AD-5E067E58F437}.AppStore|Any CPU.Deploy.0 = Release|Any CPU
		{7A69DEAB-4A96-4391-94AD-5E067E58F437}.AppStore|iPhone.ActiveCfg = Release|Any CPU
		{7A69DEAB-4A96-4391-94AD-5E067E58F437}.AppStore|iPhone.Build.0 = Release|Any CPU
		{7A69DEAB-4A96-4391-94AD-5E067E58F437}.AppStore|iPhone.Deploy.0 = Release|Any CPU
		{7A69DEAB-4A96-4391-94AD-5E067E58F437}.AppStore|iPhoneSimulator.ActiveCfg = Release|Any CPU
		{7A69DEAB-4A96-4391-94AD-5E067E58F437}.AppStore|iPhoneSimulator.Build.0 = Release|Any CPU
		{7A69DEAB-4A96-4391-94AD-5E067E58F437}.AppStore|iPhoneSimulator.Deploy.0 = Release|Any CPU
		{7A69DEAB-4A96-4391-94AD-5E067E58F437}.Debug|Any CPU.ActiveCfg = Debug|Any CPU
		{7A69DEAB-4A96-4391-94AD-5E067E58F437}.Debug|Any CPU.Build.0 = Debug|Any CPU
		{7A69DEAB-4A96-4391-94AD-5E067E58F437}.Debug|Any CPU.Deploy.0 = Debug|Any CPU
		{7A69DEAB-4A96-4391-94AD-5E067E58F437}.Debug|iPhone.ActiveCfg = Debug|Any CPU
		{7A69DEAB-4A96-4391-94AD-5E067E58F437}.Debug|iPhone.Build.0 = Debug|Any CPU
		{7A69DEAB-4A96-4391-94AD-5E067E58F437}.Debug|iPhone.Deploy.0 = Debug|Any CPU
		{7A69DEAB-4A96-4391-94AD-5E067E58F437}.Debug|iPhoneSimulator.ActiveCfg = Debug|Any CPU
		{7A69DEAB-4A96-4391-94AD-5E067E58F437}.Debug|iPhoneSimulator.Build.0 = Debug|Any CPU
		{7A69DEAB-4A96-4391-94AD-5E067E58F437}.Debug|iPhoneSimulator.Deploy.0 = Debug|Any CPU
		{7A69DEAB-4A96-4391-94AD-5E067E58F437}.Release|Any CPU.ActiveCfg = Release|Any CPU
		{7A69DEAB-4A96-4391-94AD-5E067E58F437}.Release|Any CPU.Build.0 = Release|Any CPU
		{7A69DEAB-4A96-4391-94AD-5E067E58F437}.Release|Any CPU.Deploy.0 = Release|Any CPU
		{7A69DEAB-4A96-4391-94AD-5E067E58F437}.Release|iPhone.ActiveCfg = Release|Any CPU
		{7A69DEAB-4A96-4391-94AD-5E067E58F437}.Release|iPhone.Build.0 = Release|Any CPU
		{7A69DEAB-4A96-4391-94AD-5E067E58F437}.Release|iPhone.Deploy.0 = Release|Any CPU
		{7A69DEAB-4A96-4391-94AD-5E067E58F437}.Release|iPhoneSimulator.ActiveCfg = Release|Any CPU
		{7A69DEAB-4A96-4391-94AD-5E067E58F437}.Release|iPhoneSimulator.Build.0 = Release|Any CPU
		{7A69DEAB-4A96-4391-94AD-5E067E58F437}.Release|iPhoneSimulator.Deploy.0 = Release|Any CPU
		{50FD017A-2212-4563-96D9-5F922ECF72AA}.Ad-Hoc|Any CPU.ActiveCfg = Ad-Hoc|iPhone
		{50FD017A-2212-4563-96D9-5F922ECF72AA}.Ad-Hoc|Any CPU.Build.0 = Ad-Hoc|iPhone
		{50FD017A-2212-4563-96D9-5F922ECF72AA}.Ad-Hoc|Any CPU.Deploy.0 = Ad-Hoc|iPhone
		{50FD017A-2212-4563-96D9-5F922ECF72AA}.Ad-Hoc|iPhone.ActiveCfg = Ad-Hoc|iPhone
		{50FD017A-2212-4563-96D9-5F922ECF72AA}.Ad-Hoc|iPhone.Build.0 = Ad-Hoc|iPhone
		{50FD017A-2212-4563-96D9-5F922ECF72AA}.Ad-Hoc|iPhone.Deploy.0 = Ad-Hoc|iPhone
		{50FD017A-2212-4563-96D9-5F922ECF72AA}.Ad-Hoc|iPhoneSimulator.ActiveCfg = Ad-Hoc|iPhoneSimulator
		{50FD017A-2212-4563-96D9-5F922ECF72AA}.Ad-Hoc|iPhoneSimulator.Build.0 = Ad-Hoc|iPhoneSimulator
		{50FD017A-2212-4563-96D9-5F922ECF72AA}.Ad-Hoc|iPhoneSimulator.Deploy.0 = Ad-Hoc|iPhoneSimulator
		{50FD017A-2212-4563-96D9-5F922ECF72AA}.AppStore|Any CPU.ActiveCfg = AppStore|iPhone
		{50FD017A-2212-4563-96D9-5F922ECF72AA}.AppStore|Any CPU.Build.0 = AppStore|iPhone
		{50FD017A-2212-4563-96D9-5F922ECF72AA}.AppStore|Any CPU.Deploy.0 = AppStore|iPhone
		{50FD017A-2212-4563-96D9-5F922ECF72AA}.AppStore|iPhone.ActiveCfg = AppStore|iPhone
		{50FD017A-2212-4563-96D9-5F922ECF72AA}.AppStore|iPhone.Build.0 = AppStore|iPhone
		{50FD017A-2212-4563-96D9-5F922ECF72AA}.AppStore|iPhone.Deploy.0 = AppStore|iPhone
		{50FD017A-2212-4563-96D9-5F922ECF72AA}.AppStore|iPhoneSimulator.ActiveCfg = AppStore|iPhoneSimulator
		{50FD017A-2212-4563-96D9-5F922ECF72AA}.AppStore|iPhoneSimulator.Build.0 = AppStore|iPhoneSimulator
		{50FD017A-2212-4563-96D9-5F922ECF72AA}.AppStore|iPhoneSimulator.Deploy.0 = AppStore|iPhoneSimulator
		{50FD017A-2212-4563-96D9-5F922ECF72AA}.Debug|Any CPU.ActiveCfg = Debug|iPhoneSimulator
		{50FD017A-2212-4563-96D9-5F922ECF72AA}.Debug|Any CPU.Build.0 = Debug|iPhoneSimulator
		{50FD017A-2212-4563-96D9-5F922ECF72AA}.Debug|Any CPU.Deploy.0 = Debug|iPhoneSimulator
		{50FD017A-2212-4563-96D9-5F922ECF72AA}.Debug|iPhone.ActiveCfg = Debug|iPhone
		{50FD017A-2212-4563-96D9-5F922ECF72AA}.Debug|iPhone.Build.0 = Debug|iPhone
		{50FD017A-2212-4563-96D9-5F922ECF72AA}.Debug|iPhone.Deploy.0 = Debug|iPhone
		{50FD017A-2212-4563-96D9-5F922ECF72AA}.Debug|iPhoneSimulator.ActiveCfg = Debug|iPhoneSimulator
		{50FD017A-2212-4563-96D9-5F922ECF72AA}.Debug|iPhoneSimulator.Build.0 = Debug|iPhoneSimulator
		{50FD017A-2212-4563-96D9-5F922ECF72AA}.Debug|iPhoneSimulator.Deploy.0 = Debug|iPhoneSimulator
		{50FD017A-2212-4563-96D9-5F922ECF72AA}.Release|Any CPU.ActiveCfg = Release|iPhone
		{50FD017A-2212-4563-96D9-5F922ECF72AA}.Release|Any CPU.Build.0 = Release|iPhone
		{50FD017A-2212-4563-96D9-5F922ECF72AA}.Release|Any CPU.Deploy.0 = Release|iPhone
		{50FD017A-2212-4563-96D9-5F922ECF72AA}.Release|iPhone.ActiveCfg = Release|iPhone
		{50FD017A-2212-4563-96D9-5F922ECF72AA}.Release|iPhone.Build.0 = Release|iPhone
		{50FD017A-2212-4563-96D9-5F922ECF72AA}.Release|iPhone.Deploy.0 = Release|iPhone
		{50FD017A-2212-4563-96D9-5F922ECF72AA}.Release|iPhoneSimulator.ActiveCfg = Release|iPhoneSimulator
		{50FD017A-2212-4563-96D9-5F922ECF72AA}.Release|iPhoneSimulator.Build.0 = Release|iPhoneSimulator
		{50FD017A-2212-4563-96D9-5F922ECF72AA}.Release|iPhoneSimulator.Deploy.0 = Release|iPhoneSimulator
		{8BEB85FC-1009-45EC-B2C0-0545D62AF121}.Ad-Hoc|Any CPU.ActiveCfg = Debug|Any CPU
		{8BEB85FC-1009-45EC-B2C0-0545D62AF121}.Ad-Hoc|Any CPU.Build.0 = Debug|Any CPU
		{8BEB85FC-1009-45EC-B2C0-0545D62AF121}.Ad-Hoc|Any CPU.Deploy.0 = Debug|Any CPU
		{8BEB85FC-1009-45EC-B2C0-0545D62AF121}.Ad-Hoc|iPhone.ActiveCfg = Debug|Any CPU
		{8BEB85FC-1009-45EC-B2C0-0545D62AF121}.Ad-Hoc|iPhone.Build.0 = Debug|Any CPU
		{8BEB85FC-1009-45EC-B2C0-0545D62AF121}.Ad-Hoc|iPhone.Deploy.0 = Debug|Any CPU
		{8BEB85FC-1009-45EC-B2C0-0545D62AF121}.Ad-Hoc|iPhoneSimulator.ActiveCfg = Debug|Any CPU
		{8BEB85FC-1009-45EC-B2C0-0545D62AF121}.Ad-Hoc|iPhoneSimulator.Build.0 = Debug|Any CPU
		{8BEB85FC-1009-45EC-B2C0-0545D62AF121}.Ad-Hoc|iPhoneSimulator.Deploy.0 = Debug|Any CPU
		{8BEB85FC-1009-45EC-B2C0-0545D62AF121}.AppStore|Any CPU.ActiveCfg = Debug|Any CPU
		{8BEB85FC-1009-45EC-B2C0-0545D62AF121}.AppStore|Any CPU.Build.0 = Debug|Any CPU
		{8BEB85FC-1009-45EC-B2C0-0545D62AF121}.AppStore|Any CPU.Deploy.0 = Debug|Any CPU
		{8BEB85FC-1009-45EC-B2C0-0545D62AF121}.AppStore|iPhone.ActiveCfg = Debug|Any CPU
		{8BEB85FC-1009-45EC-B2C0-0545D62AF121}.AppStore|iPhone.Build.0 = Debug|Any CPU
		{8BEB85FC-1009-45EC-B2C0-0545D62AF121}.AppStore|iPhone.Deploy.0 = Debug|Any CPU
		{8BEB85FC-1009-45EC-B2C0-0545D62AF121}.AppStore|iPhoneSimulator.ActiveCfg = Debug|Any CPU
		{8BEB85FC-1009-45EC-B2C0-0545D62AF121}.AppStore|iPhoneSimulator.Build.0 = Debug|Any CPU
		{8BEB85FC-1009-45EC-B2C0-0545D62AF121}.AppStore|iPhoneSimulator.Deploy.0 = Debug|Any CPU
		{8BEB85FC-1009-45EC-B2C0-0545D62AF121}.Debug|Any CPU.ActiveCfg = Debug|Any CPU
		{8BEB85FC-1009-45EC-B2C0-0545D62AF121}.Debug|Any CPU.Build.0 = Debug|Any CPU
		{8BEB85FC-1009-45EC-B2C0-0545D62AF121}.Debug|Any CPU.Deploy.0 = Debug|Any CPU
		{8BEB85FC-1009-45EC-B2C0-0545D62AF121}.Debug|iPhone.ActiveCfg = Debug|Any CPU
		{8BEB85FC-1009-45EC-B2C0-0545D62AF121}.Debug|iPhone.Build.0 = Debug|Any CPU
		{8BEB85FC-1009-45EC-B2C0-0545D62AF121}.Debug|iPhone.Deploy.0 = Debug|Any CPU
		{8BEB85FC-1009-45EC-B2C0-0545D62AF121}.Debug|iPhoneSimulator.ActiveCfg = Debug|Any CPU
		{8BEB85FC-1009-45EC-B2C0-0545D62AF121}.Debug|iPhoneSimulator.Build.0 = Debug|Any CPU
		{8BEB85FC-1009-45EC-B2C0-0545D62AF121}.Debug|iPhoneSimulator.Deploy.0 = Debug|Any CPU
		{8BEB85FC-1009-45EC-B2C0-0545D62AF121}.Release|Any CPU.ActiveCfg = Release|Any CPU
		{8BEB85FC-1009-45EC-B2C0-0545D62AF121}.Release|Any CPU.Build.0 = Release|Any CPU
		{8BEB85FC-1009-45EC-B2C0-0545D62AF121}.Release|Any CPU.Deploy.0 = Release|Any CPU
		{8BEB85FC-1009-45EC-B2C0-0545D62AF121}.Release|iPhone.ActiveCfg = Release|Any CPU
		{8BEB85FC-1009-45EC-B2C0-0545D62AF121}.Release|iPhone.Build.0 = Release|Any CPU
		{8BEB85FC-1009-45EC-B2C0-0545D62AF121}.Release|iPhone.Deploy.0 = Release|Any CPU
		{8BEB85FC-1009-45EC-B2C0-0545D62AF121}.Release|iPhoneSimulator.ActiveCfg = Release|Any CPU
		{8BEB85FC-1009-45EC-B2C0-0545D62AF121}.Release|iPhoneSimulator.Build.0 = Release|Any CPU
		{8BEB85FC-1009-45EC-B2C0-0545D62AF121}.Release|iPhoneSimulator.Deploy.0 = Release|Any CPU
	EndGlobalSection
	GlobalSection(SolutionProperties) = preSolution
		HideSolutionNode = FALSE
	EndGlobalSection
	GlobalSection(ExtensibilityGlobals) = postSolution
		SolutionGuid = {ABC0FE28-387A-4D3F-9AA9-F3DDED26C41A}
	EndGlobalSection
EndGlobal
